
Microsoft Visual Studio Solution File, Format Version 12.00
# Visual Studio Version 17
VisualStudioVersion = 17.2.32616.157
MinimumVisualStudioVersion = 10.0.40219.1
Project("{FAE04EC0-301F-11D3-BF4B-00C04F79EFBC}") = "RobotSimulator", "RobotSimulator.csproj", "{2B7EBDD2-BBD4-4356-B6AB-A514A2C46E27}"
EndProject
Project("{FAE04EC0-301F-11D3-BF4B-00C04F79EFBC}") = "TestProject", "..\TestProject\TestProject.csproj", "{E911BBF1-41C3-4060-BDA3-D918FB431817}"
EndProject
Global
	GlobalSection(SolutionConfigurationPlatforms) = preSolution
		Debug|Any CPU = Debug|Any CPU
		Release|Any CPU = Release|Any CPU
	EndGlobalSection
	GlobalSection(ProjectConfigurationPlatforms) = postSolution
		{2B7EBDD2-BBD4-4356-B6AB-A514A2C46E27}.Debug|Any CPU.ActiveCfg = Debug|Any CPU
		{2B7EBDD2-BBD4-4356-B6AB-A514A2C46E27}.Debug|Any CPU.Build.0 = Debug|Any CPU
		{2B7EBDD2-BBD4-4356-B6AB-A514A2C46E27}.Release|Any CPU.ActiveCfg = Release|Any CPU
		{2B7EBDD2-BBD4-4356-B6AB-A514A2C46E27}.Release|Any CPU.Build.0 = Release|Any CPU
		{E911BBF1-41C3-4060-BDA3-D918FB431817}.Debug|Any CPU.ActiveCfg = Debug|Any CPU
		{E911BBF1-41C3-4060-BDA3-D918FB431817}.Debug|Any CPU.Build.0 = Debug|Any CPU
		{E911BBF1-41C3-4060-BDA3-D918FB431817}.Release|Any CPU.ActiveCfg = Release|Any CPU
		{E911BBF1-41C3-4060-BDA3-D918FB431817}.Release|Any CPU.Build.0 = Release|Any CPU
	EndGlobalSection
	GlobalSection(SolutionProperties) = preSolution
		HideSolutionNode = FALSE
	EndGlobalSection
	GlobalSection(ExtensibilityGlobals) = postSolution
		SolutionGuid = {2A7BF64E-E5A9-426E-BA62-40DB5639A204}
	EndGlobalSection
EndGlobal
